
Microsoft Visual Studio Solution File, Format Version 12.00
# Visual Studio 15
VisualStudioVersion = 15.0.28307.102
MinimumVisualStudioVersion = 10.0.40219.1
Project("{FAE04EC0-301F-11D3-BF4B-00C04F79EFBC}") = "projPilha1_Transporte_nTktTna", "projPilha1_Transporte_nTktTna\projPilha1_Transporte_nTktTna.csproj", "{B8A40B64-E48F-4B9E-B810-CD6E00724B5E}"
EndProject
Global
	GlobalSection(SolutionConfigurationPlatforms) = preSolution
		Debug|Any CPU = Debug|Any CPU
		Release|Any CPU = Release|Any CPU
	EndGlobalSection
	GlobalSection(ProjectConfigurationPlatforms) = postSolution
		{B8A40B64-E48F-4B9E-B810-CD6E00724B5E}.Debug|Any CPU.ActiveCfg = Debug|Any CPU
		{B8A40B64-E48F-4B9E-B810-CD6E00724B5E}.Debug|Any CPU.Build.0 = Debug|Any CPU
		{B8A40B64-E48F-4B9E-B810-CD6E00724B5E}.Release|Any CPU.ActiveCfg = Release|Any CPU
		{B8A40B64-E48F-4B9E-B810-CD6E00724B5E}.Release|Any CPU.Build.0 = Release|Any CPU
	EndGlobalSection
	GlobalSection(SolutionProperties) = preSolution
		HideSolutionNode = FALSE
	EndGlobalSection
	GlobalSection(ExtensibilityGlobals) = postSolution
		SolutionGuid = {DBB97BD3-621E-485A-86C3-E7CBBD64D966}
	EndGlobalSection
EndGlobal
